
Microsoft Visual Studio Solution File, Format Version 12.00
Project("{FAE04EC0-301F-11D3-BF4B-00C04F79EFBC}") = "Kalculator", "Kalculator\Kalculator.csproj", "{9721E5DF-5A50-4366-98E0-8AABADEDE51B}"
EndProject
Global
	GlobalSection(SolutionConfigurationPlatforms) = preSolution
		Debug|Any CPU = Debug|Any CPU
		Release|Any CPU = Release|Any CPU
	EndGlobalSection
	GlobalSection(ProjectConfigurationPlatforms) = postSolution
		{9721E5DF-5A50-4366-98E0-8AABADEDE51B}.Debug|Any CPU.ActiveCfg = Debug|Any CPU
		{9721E5DF-5A50-4366-98E0-8AABADEDE51B}.Debug|Any CPU.Build.0 = Debug|Any CPU
		{9721E5DF-5A50-4366-98E0-8AABADEDE51B}.Release|Any CPU.ActiveCfg = Release|Any CPU
		{9721E5DF-5A50-4366-98E0-8AABADEDE51B}.Release|Any CPU.Build.0 = Release|Any CPU
	EndGlobalSection
EndGlobal
